uuid: 0ff85694-57ea-498f-b5b9-1f7235ed3796
langcode: en
status: true
dependencies:
  module:
    - rsvplist
  theme:
    - olivero
id: rsvpblock
theme: olivero
region: sidebar
weight: 0
provider: null
plugin: rsvp_block
settings:
  id: rsvp_block
  label: 'RSVP Block'
  label_display: visible
  provider: rsvplist
visibility: {  }
